
Microsoft Visual Studio Solution File, Format Version 12.00
# Visual Studio Version 17
VisualStudioVersion = 17.9.34616.47
MinimumVisualStudioVersion = 10.0.40219.1
Project("{9A19103F-16F7-4668-BE54-9A1E7A4F7556}") = "24TakingANumber", "25TakingANumber\24TakingANumber.csproj", "{3BC47449-82EF-40F0-9D27-25E28E10E8DF}"
EndProject
Project("{9A19103F-16F7-4668-BE54-9A1E7A4F7556}") = "25Countdown", "25Countdown\25Countdown.csproj", "{B8FEE173-C5A9-4CAE-A55D-B6563C1527B2}"
EndProject
Project("{9A19103F-16F7-4668-BE54-9A1E7A4F7556}") = "26HuntingTheManticore", "26HuntingTheManticore\26HuntingTheManticore.csproj", "{026958A1-A499-4719-A3A1-9AB7A52C9B44}"
EndProject
Project("{9A19103F-16F7-4668-BE54-9A1E7A4F7556}") = "27Simula'sTest", "27Simula'sTest\27Simula'sTest.csproj", "{9832EBD2-DF1B-40ED-91B6-2ECB7F79D3AC}"
EndProject
Project("{9A19103F-16F7-4668-BE54-9A1E7A4F7556}") = "28Simula'sSoup", "28Simula'sSoup\28Simula'sSoup.csproj", "{86A8C9B8-DA42-42B5-8AE6-0EE255918754}"
EndProject
Project("{9A19103F-16F7-4668-BE54-9A1E7A4F7556}") = "2HelloWorld", "2HelloWorld\2HelloWorld.csproj", "{EFBC17F1-FAED-47E8-A265-697947092394}"
EndProject
Project("{9A19103F-16F7-4668-BE54-9A1E7A4F7556}") = "3WhatComesNext", "3WhatComesNext\3WhatComesNext.csproj", "{A8C84D17-B705-4903-B143-E4F168FC26EF}"
EndProject
Project("{9A19103F-16F7-4668-BE54-9A1E7A4F7556}") = "29VinFletcher'sArrows", "29VinFletcher'sArrows\29VinFletcher'sArrows.csproj", "{A1910B39-1BA0-4158-8F97-0389370DF880}"
EndProject
Project("{9A19103F-16F7-4668-BE54-9A1E7A4F7556}") = "30Vin'sTrouble", "30Vin'sTrouble\30Vin'sTrouble.csproj", "{1451B63E-328D-4BA8-9F75-37814B9309E6}"
EndProject
Project("{9A19103F-16F7-4668-BE54-9A1E7A4F7556}") = "31ThePropertiesofArrows", "31ThePropertiesofArrows\31ThePropertiesofArrows.csproj", "{58F57D13-53B0-42B5-B50F-3E926B7EAB2D}"
EndProject
Project("{9A19103F-16F7-4668-BE54-9A1E7A4F7556}") = "32ArrowFactories", "32ArrowFactories\32ArrowFactories.csproj", "{393ED0B4-8C44-453D-AE93-88893849F6B5}"
EndProject
Project("{9A19103F-16F7-4668-BE54-9A1E7A4F7556}") = "32ThePoint", "32ThePoint\32ThePoint.csproj", "{74E71C92-E876-40AF-94B6-CB6A5DBD20B0}"
EndProject
Project("{9A19103F-16F7-4668-BE54-9A1E7A4F7556}") = "33TheColor", "33TheColor\33TheColor.csproj", "{ED45DB66-1715-4770-9367-18AD5F2374F0}"
EndProject
Project("{9A19103F-16F7-4668-BE54-9A1E7A4F7556}") = "34TheCard", "34TheCard\34TheCard.csproj", "{07352DB6-02C3-4769-BB48-3C99AA83731E}"
EndProject
Project("{9A19103F-16F7-4668-BE54-9A1E7A4F7556}") = "35TheLockedDoor", "35TheLockedDoor\35TheLockedDoor.csproj", "{D7A6DD74-A67C-4770-BF6C-089A00E8EB5F}"
EndProject
Project("{9A19103F-16F7-4668-BE54-9A1E7A4F7556}") = "36PasswordValidator", "36PasswordValidator\36PasswordValidator.csproj", "{8EE12ACE-89EE-4D17-8772-F116E152C1DA}"
EndProject
Project("{9A19103F-16F7-4668-BE54-9A1E7A4F7556}") = "37RockPaperScissors", "37RockPaperScissors\37RockPaperScissors.csproj", "{E671E003-0007-464A-A1E0-A2525773674D}"
EndProject
Project("{9A19103F-16F7-4668-BE54-9A1E7A4F7556}") = "38FifteenPuzzle", "38FifteenPuzzle\38FifteenPuzzle.csproj", "{D4750C81-FCA6-440E-8639-DF62B3B8DB64}"
EndProject
Project("{9A19103F-16F7-4668-BE54-9A1E7A4F7556}") = "39Hangman", "39Hangman\39Hangman.csproj", "{26058632-049F-4882-A0A9-C7ACBC9C969E}"
EndProject
Project("{9A19103F-16F7-4668-BE54-9A1E7A4F7556}") = "40TicTacToe", "40TicTacToe\40TicTacToe.csproj", "{E4660462-C8F8-48A7-A4B9-F32DB85CFFC5}"
EndProject
Project("{9A19103F-16F7-4668-BE54-9A1E7A4F7556}") = "41PackingInventory", "41PackingInventory\41PackingInventory.csproj", "{DC3B93CF-7F0F-4715-BD20-FB19C94DDA99}"
EndProject
Project("{9A19103F-16F7-4668-BE54-9A1E7A4F7556}") = "42LabelingInventory", "42LabelingInventory\42LabelingInventory.csproj", "{2145A54E-9C80-4FAE-AAFD-551C92048A30}"
EndProject
Project("{9A19103F-16F7-4668-BE54-9A1E7A4F7556}") = "43TheOldRobot", "43TheOldRobot\43TheOldRobot.csproj", "{A1781E18-0831-4ABE-A20D-E782F593AF88}"
EndProject
Project("{9A19103F-16F7-4668-BE54-9A1E7A4F7556}") = "44RoboticInterface", "44RoboticInterface\44RoboticInterface.csproj", "{8B7583AD-6FD1-4C8B-BADC-E57ECA8F8811}"
EndProject
Project("{9A19103F-16F7-4668-BE54-9A1E7A4F7556}") = "45RoomCoordinates", "45RoomCoordinates\45RoomCoordinates.csproj", "{1C9DD0C7-76CD-4108-8045-7A794ABD2A88}"
EndProject
Project("{9A19103F-16F7-4668-BE54-9A1E7A4F7556}") = "46WarPreparations", "46WarPreparations\46WarPreparations.csproj", "{23EE1656-77CE-4EED-991D-714C9F8A2FAD}"
EndProject
Project("{9A19103F-16F7-4668-BE54-9A1E7A4F7556}") = "47ColoredItems", "47ColoredItems\47ColoredItems.csproj", "{D4A7EE28-08C9-4687-8B98-BC8FEAA0DD8C}"
EndProject
Project("{9A19103F-16F7-4668-BE54-9A1E7A4F7556}") = "48FountainofObjects", "48FountainofObjects\48FountainofObjects.csproj", "{FD97C0BF-7D11-4971-8D8C-3A52421CF48A}"
EndProject
Project("{9A19103F-16F7-4668-BE54-9A1E7A4F7556}") = "49TheRobotPilot", "49TheRobotPilot\49TheRobotPilot.csproj", "{06D0768C-06F1-4A40-92BA-610D049EFB04}"
EndProject
Project("{9A19103F-16F7-4668-BE54-9A1E7A4F7556}") = "50TimeintheCavern", "50TimeintheCavern\50TimeintheCavern.csproj", "{6C64671F-8827-49A7-92E8-78404EC8228B}"
EndProject
Project("{9A19103F-16F7-4668-BE54-9A1E7A4F7556}") = "51ListofCommands", "51ListofCommands\51ListofCommands.csproj", "{9A7D6593-E383-4E05-BA56-26335D22F14F}"
EndProject
Project("{9A19103F-16F7-4668-BE54-9A1E7A4F7556}") = "52&53TheFued", "52TheFued\52&53TheFued.csproj", "{BBF693C5-22CB-4F36-9BCE-D4C234A2CBA8}"
EndProject
Project("{9A19103F-16F7-4668-BE54-9A1E7A4F7556}") = "54SaferNumberCrunching", "54SaferNumberCrunching\54SaferNumberCrunching.csproj", "{F4094887-BA2C-469A-B654-FC093C22EB51}"
EndProject
Project("{9A19103F-16F7-4668-BE54-9A1E7A4F7556}") = "55BetterRandom", "55BetterRandom\55BetterRandom.csproj", "{C75C7FE3-A290-4635-B732-CF0A950FE8F4}"
EndProject
Project("{FAE04EC0-301F-11D3-BF4B-00C04F79EFBC}") = "56ExeptisGame", "56ExeptisGame\56ExeptisGame.csproj", "{C0731CB7-6529-40E1-83E4-18978F7C3D03}"
EndProject
Global
	GlobalSection(SolutionConfigurationPlatforms) = preSolution
		Debug|Any CPU = Debug|Any CPU
		Release|Any CPU = Release|Any CPU
	EndGlobalSection
	GlobalSection(ProjectConfigurationPlatforms) = postSolution
		{3BC47449-82EF-40F0-9D27-25E28E10E8DF}.Debug|Any CPU.ActiveCfg = Debug|Any CPU
		{3BC47449-82EF-40F0-9D27-25E28E10E8DF}.Debug|Any CPU.Build.0 = Debug|Any CPU
		{3BC47449-82EF-40F0-9D27-25E28E10E8DF}.Release|Any CPU.ActiveCfg = Release|Any CPU
		{3BC47449-82EF-40F0-9D27-25E28E10E8DF}.Release|Any CPU.Build.0 = Release|Any CPU
		{B8FEE173-C5A9-4CAE-A55D-B6563C1527B2}.Debug|Any CPU.ActiveCfg = Debug|Any CPU
		{B8FEE173-C5A9-4CAE-A55D-B6563C1527B2}.Debug|Any CPU.Build.0 = Debug|Any CPU
		{B8FEE173-C5A9-4CAE-A55D-B6563C1527B2}.Release|Any CPU.ActiveCfg = Release|Any CPU
		{B8FEE173-C5A9-4CAE-A55D-B6563C1527B2}.Release|Any CPU.Build.0 = Release|Any CPU
		{026958A1-A499-4719-A3A1-9AB7A52C9B44}.Debug|Any CPU.ActiveCfg = Debug|Any CPU
		{026958A1-A499-4719-A3A1-9AB7A52C9B44}.Debug|Any CPU.Build.0 = Debug|Any CPU
		{026958A1-A499-4719-A3A1-9AB7A52C9B44}.Release|Any CPU.ActiveCfg = Release|Any CPU
		{026958A1-A499-4719-A3A1-9AB7A52C9B44}.Release|Any CPU.Build.0 = Release|Any CPU
		{9832EBD2-DF1B-40ED-91B6-2ECB7F79D3AC}.Debug|Any CPU.ActiveCfg = Debug|Any CPU
		{9832EBD2-DF1B-40ED-91B6-2ECB7F79D3AC}.Debug|Any CPU.Build.0 = Debug|Any CPU
		{9832EBD2-DF1B-40ED-91B6-2ECB7F79D3AC}.Release|Any CPU.ActiveCfg = Release|Any CPU
		{9832EBD2-DF1B-40ED-91B6-2ECB7F79D3AC}.Release|Any CPU.Build.0 = Release|Any CPU
		{86A8C9B8-DA42-42B5-8AE6-0EE255918754}.Debug|Any CPU.ActiveCfg = Debug|Any CPU
		{86A8C9B8-DA42-42B5-8AE6-0EE255918754}.Debug|Any CPU.Build.0 = Debug|Any CPU
		{86A8C9B8-DA42-42B5-8AE6-0EE255918754}.Release|Any CPU.ActiveCfg = Release|Any CPU
		{86A8C9B8-DA42-42B5-8AE6-0EE255918754}.Release|Any CPU.Build.0 = Release|Any CPU
		{EFBC17F1-FAED-47E8-A265-697947092394}.Debug|Any CPU.ActiveCfg = Debug|Any CPU
		{EFBC17F1-FAED-47E8-A265-697947092394}.Debug|Any CPU.Build.0 = Debug|Any CPU
		{EFBC17F1-FAED-47E8-A265-697947092394}.Release|Any CPU.ActiveCfg = Release|Any CPU
		{EFBC17F1-FAED-47E8-A265-697947092394}.Release|Any CPU.Build.0 = Release|Any CPU
		{A8C84D17-B705-4903-B143-E4F168FC26EF}.Debug|Any CPU.ActiveCfg = Debug|Any CPU
		{A8C84D17-B705-4903-B143-E4F168FC26EF}.Debug|Any CPU.Build.0 = Debug|Any CPU
		{A8C84D17-B705-4903-B143-E4F168FC26EF}.Release|Any CPU.ActiveCfg = Release|Any CPU
		{A8C84D17-B705-4903-B143-E4F168FC26EF}.Release|Any CPU.Build.0 = Release|Any CPU
		{A1910B39-1BA0-4158-8F97-0389370DF880}.Debug|Any CPU.ActiveCfg = Debug|Any CPU
		{A1910B39-1BA0-4158-8F97-0389370DF880}.Debug|Any CPU.Build.0 = Debug|Any CPU
		{A1910B39-1BA0-4158-8F97-0389370DF880}.Release|Any CPU.ActiveCfg = Release|Any CPU
		{A1910B39-1BA0-4158-8F97-0389370DF880}.Release|Any CPU.Build.0 = Release|Any CPU
		{1451B63E-328D-4BA8-9F75-37814B9309E6}.Debug|Any CPU.ActiveCfg = Debug|Any CPU
		{1451B63E-328D-4BA8-9F75-37814B9309E6}.Debug|Any CPU.Build.0 = Debug|Any CPU
		{1451B63E-328D-4BA8-9F75-37814B9309E6}.Release|Any CPU.ActiveCfg = Release|Any CPU
		{1451B63E-328D-4BA8-9F75-37814B9309E6}.Release|Any CPU.Build.0 = Release|Any CPU
		{58F57D13-53B0-42B5-B50F-3E926B7EAB2D}.Debug|Any CPU.ActiveCfg = Debug|Any CPU
		{58F57D13-53B0-42B5-B50F-3E926B7EAB2D}.Debug|Any CPU.Build.0 = Debug|Any CPU
		{58F57D13-53B0-42B5-B50F-3E926B7EAB2D}.Release|Any CPU.ActiveCfg = Release|Any CPU
		{58F57D13-53B0-42B5-B50F-3E926B7EAB2D}.Release|Any CPU.Build.0 = Release|Any CPU
		{393ED0B4-8C44-453D-AE93-88893849F6B5}.Debug|Any CPU.ActiveCfg = Debug|Any CPU
		{393ED0B4-8C44-453D-AE93-88893849F6B5}.Debug|Any CPU.Build.0 = Debug|Any CPU
		{393ED0B4-8C44-453D-AE93-88893849F6B5}.Release|Any CPU.ActiveCfg = Release|Any CPU
		{393ED0B4-8C44-453D-AE93-88893849F6B5}.Release|Any CPU.Build.0 = Release|Any CPU
		{74E71C92-E876-40AF-94B6-CB6A5DBD20B0}.Debug|Any CPU.ActiveCfg = Debug|Any CPU
		{74E71C92-E876-40AF-94B6-CB6A5DBD20B0}.Debug|Any CPU.Build.0 = Debug|Any CPU
		{74E71C92-E876-40AF-94B6-CB6A5DBD20B0}.Release|Any CPU.ActiveCfg = Release|Any CPU
		{74E71C92-E876-40AF-94B6-CB6A5DBD20B0}.Release|Any CPU.Build.0 = Release|Any CPU
		{ED45DB66-1715-4770-9367-18AD5F2374F0}.Debug|Any CPU.ActiveCfg = Debug|Any CPU
		{ED45DB66-1715-4770-9367-18AD5F2374F0}.Debug|Any CPU.Build.0 = Debug|Any CPU
		{ED45DB66-1715-4770-9367-18AD5F2374F0}.Release|Any CPU.ActiveCfg = Release|Any CPU
		{ED45DB66-1715-4770-9367-18AD5F2374F0}.Release|Any CPU.Build.0 = Release|Any CPU
		{07352DB6-02C3-4769-BB48-3C99AA83731E}.Debug|Any CPU.ActiveCfg = Debug|Any CPU
		{07352DB6-02C3-4769-BB48-3C99AA83731E}.Debug|Any CPU.Build.0 = Debug|Any CPU
		{07352DB6-02C3-4769-BB48-3C99AA83731E}.Release|Any CPU.ActiveCfg = Release|Any CPU
		{07352DB6-02C3-4769-BB48-3C99AA83731E}.Release|Any CPU.Build.0 = Release|Any CPU
		{D7A6DD74-A67C-4770-BF6C-089A00E8EB5F}.Debug|Any CPU.ActiveCfg = Debug|Any CPU
		{D7A6DD74-A67C-4770-BF6C-089A00E8EB5F}.Debug|Any CPU.Build.0 = Debug|Any CPU
		{D7A6DD74-A67C-4770-BF6C-089A00E8EB5F}.Release|Any CPU.ActiveCfg = Release|Any CPU
		{D7A6DD74-A67C-4770-BF6C-089A00E8EB5F}.Release|Any CPU.Build.0 = Release|Any CPU
		{8EE12ACE-89EE-4D17-8772-F116E152C1DA}.Debug|Any CPU.ActiveCfg = Debug|Any CPU
		{8EE12ACE-89EE-4D17-8772-F116E152C1DA}.Debug|Any CPU.Build.0 = Debug|Any CPU
		{8EE12ACE-89EE-4D17-8772-F116E152C1DA}.Release|Any CPU.ActiveCfg = Release|Any CPU
		{8EE12ACE-89EE-4D17-8772-F116E152C1DA}.Release|Any CPU.Build.0 = Release|Any CPU
		{E671E003-0007-464A-A1E0-A2525773674D}.Debug|Any CPU.ActiveCfg = Debug|Any CPU
		{E671E003-0007-464A-A1E0-A2525773674D}.Debug|Any CPU.Build.0 = Debug|Any CPU
		{E671E003-0007-464A-A1E0-A2525773674D}.Release|Any CPU.ActiveCfg = Release|Any CPU
		{E671E003-0007-464A-A1E0-A2525773674D}.Release|Any CPU.Build.0 = Release|Any CPU
		{D4750C81-FCA6-440E-8639-DF62B3B8DB64}.Debug|Any CPU.ActiveCfg = Debug|Any CPU
		{D4750C81-FCA6-440E-8639-DF62B3B8DB64}.Debug|Any CPU.Build.0 = Debug|Any CPU
		{D4750C81-FCA6-440E-8639-DF62B3B8DB64}.Release|Any CPU.ActiveCfg = Release|Any CPU
		{D4750C81-FCA6-440E-8639-DF62B3B8DB64}.Release|Any CPU.Build.0 = Release|Any CPU
		{26058632-049F-4882-A0A9-C7ACBC9C969E}.Debug|Any CPU.ActiveCfg = Debug|Any CPU
		{26058632-049F-4882-A0A9-C7ACBC9C969E}.Debug|Any CPU.Build.0 = Debug|Any CPU
		{26058632-049F-4882-A0A9-C7ACBC9C969E}.Release|Any CPU.ActiveCfg = Release|Any CPU
		{26058632-049F-4882-A0A9-C7ACBC9C969E}.Release|Any CPU.Build.0 = Release|Any CPU
		{E4660462-C8F8-48A7-A4B9-F32DB85CFFC5}.Debug|Any CPU.ActiveCfg = Debug|Any CPU
		{E4660462-C8F8-48A7-A4B9-F32DB85CFFC5}.Debug|Any CPU.Build.0 = Debug|Any CPU
		{E4660462-C8F8-48A7-A4B9-F32DB85CFFC5}.Release|Any CPU.ActiveCfg = Release|Any CPU
		{E4660462-C8F8-48A7-A4B9-F32DB85CFFC5}.Release|Any CPU.Build.0 = Release|Any CPU
		{DC3B93CF-7F0F-4715-BD20-FB19C94DDA99}.Debug|Any CPU.ActiveCfg = Debug|Any CPU
		{DC3B93CF-7F0F-4715-BD20-FB19C94DDA99}.Debug|Any CPU.Build.0 = Debug|Any CPU
		{DC3B93CF-7F0F-4715-BD20-FB19C94DDA99}.Release|Any CPU.ActiveCfg = Release|Any CPU
		{DC3B93CF-7F0F-4715-BD20-FB19C94DDA99}.Release|Any CPU.Build.0 = Release|Any CPU
		{2145A54E-9C80-4FAE-AAFD-551C92048A30}.Debug|Any CPU.ActiveCfg = Debug|Any CPU
		{2145A54E-9C80-4FAE-AAFD-551C92048A30}.Debug|Any CPU.Build.0 = Debug|Any CPU
		{2145A54E-9C80-4FAE-AAFD-551C92048A30}.Release|Any CPU.ActiveCfg = Release|Any CPU
		{2145A54E-9C80-4FAE-AAFD-551C92048A30}.Release|Any CPU.Build.0 = Release|Any CPU
		{A1781E18-0831-4ABE-A20D-E782F593AF88}.Debug|Any CPU.ActiveCfg = Debug|Any CPU
		{A1781E18-0831-4ABE-A20D-E782F593AF88}.Debug|Any CPU.Build.0 = Debug|Any CPU
		{A1781E18-0831-4ABE-A20D-E782F593AF88}.Release|Any CPU.ActiveCfg = Release|Any CPU
		{A1781E18-0831-4ABE-A20D-E782F593AF88}.Release|Any CPU.Build.0 = Release|Any CPU
		{8B7583AD-6FD1-4C8B-BADC-E57ECA8F8811}.Debug|Any CPU.ActiveCfg = Debug|Any CPU
		{8B7583AD-6FD1-4C8B-BADC-E57ECA8F8811}.Debug|Any CPU.Build.0 = Debug|Any CPU
		{8B7583AD-6FD1-4C8B-BADC-E57ECA8F8811}.Release|Any CPU.ActiveCfg = Release|Any CPU
		{8B7583AD-6FD1-4C8B-BADC-E57ECA8F8811}.Release|Any CPU.Build.0 = Release|Any CPU
		{1C9DD0C7-76CD-4108-8045-7A794ABD2A88}.Debug|Any CPU.ActiveCfg = Debug|Any CPU
		{1C9DD0C7-76CD-4108-8045-7A794ABD2A88}.Debug|Any CPU.Build.0 = Debug|Any CPU
		{1C9DD0C7-76CD-4108-8045-7A794ABD2A88}.Release|Any CPU.ActiveCfg = Release|Any CPU
		{1C9DD0C7-76CD-4108-8045-7A794ABD2A88}.Release|Any CPU.Build.0 = Release|Any CPU
		{23EE1656-77CE-4EED-991D-714C9F8A2FAD}.Debug|Any CPU.ActiveCfg = Debug|Any CPU
		{23EE1656-77CE-4EED-991D-714C9F8A2FAD}.Debug|Any CPU.Build.0 = Debug|Any CPU
		{23EE1656-77CE-4EED-991D-714C9F8A2FAD}.Release|Any CPU.ActiveCfg = Release|Any CPU
		{23EE1656-77CE-4EED-991D-714C9F8A2FAD}.Release|Any CPU.Build.0 = Release|Any CPU
		{D4A7EE28-08C9-4687-8B98-BC8FEAA0DD8C}.Debug|Any CPU.ActiveCfg = Debug|Any CPU
		{D4A7EE28-08C9-4687-8B98-BC8FEAA0DD8C}.Debug|Any CPU.Build.0 = Debug|Any CPU
		{D4A7EE28-08C9-4687-8B98-BC8FEAA0DD8C}.Release|Any CPU.ActiveCfg = Release|Any CPU
		{D4A7EE28-08C9-4687-8B98-BC8FEAA0DD8C}.Release|Any CPU.Build.0 = Release|Any CPU
		{FD97C0BF-7D11-4971-8D8C-3A52421CF48A}.Debug|Any CPU.ActiveCfg = Debug|Any CPU
		{FD97C0BF-7D11-4971-8D8C-3A52421CF48A}.Debug|Any CPU.Build.0 = Debug|Any CPU
		{FD97C0BF-7D11-4971-8D8C-3A52421CF48A}.Release|Any CPU.ActiveCfg = Release|Any CPU
		{FD97C0BF-7D11-4971-8D8C-3A52421CF48A}.Release|Any CPU.Build.0 = Release|Any CPU
		{06D0768C-06F1-4A40-92BA-610D049EFB04}.Debug|Any CPU.ActiveCfg = Debug|Any CPU
		{06D0768C-06F1-4A40-92BA-610D049EFB04}.Debug|Any CPU.Build.0 = Debug|Any CPU
		{06D0768C-06F1-4A40-92BA-610D049EFB04}.Release|Any CPU.ActiveCfg = Release|Any CPU
		{06D0768C-06F1-4A40-92BA-610D049EFB04}.Release|Any CPU.Build.0 = Release|Any CPU
		{6C64671F-8827-49A7-92E8-78404EC8228B}.Debug|Any CPU.ActiveCfg = Debug|Any CPU
		{6C64671F-8827-49A7-92E8-78404EC8228B}.Debug|Any CPU.Build.0 = Debug|Any CPU
		{6C64671F-8827-49A7-92E8-78404EC8228B}.Release|Any CPU.ActiveCfg = Release|Any CPU
		{6C64671F-8827-49A7-92E8-78404EC8228B}.Release|Any CPU.Build.0 = Release|Any CPU
		{9A7D6593-E383-4E05-BA56-26335D22F14F}.Debug|Any CPU.ActiveCfg = Debug|Any CPU
		{9A7D6593-E383-4E05-BA56-26335D22F14F}.Debug|Any CPU.Build.0 = Debug|Any CPU
		{9A7D6593-E383-4E05-BA56-26335D22F14F}.Release|Any CPU.ActiveCfg = Release|Any CPU
		{9A7D6593-E383-4E05-BA56-26335D22F14F}.Release|Any CPU.Build.0 = Release|Any CPU
		{BBF693C5-22CB-4F36-9BCE-D4C234A2CBA8}.Debug|Any CPU.ActiveCfg = Debug|Any CPU
		{BBF693C5-22CB-4F36-9BCE-D4C234A2CBA8}.Debug|Any CPU.Build.0 = Debug|Any CPU
		{BBF693C5-22CB-4F36-9BCE-D4C234A2CBA8}.Release|Any CPU.ActiveCfg = Release|Any CPU
		{BBF693C5-22CB-4F36-9BCE-D4C234A2CBA8}.Release|Any CPU.Build.0 = Release|Any CPU
		{F4094887-BA2C-469A-B654-FC093C22EB51}.Debug|Any CPU.ActiveCfg = Debug|Any CPU
		{F4094887-BA2C-469A-B654-FC093C22EB51}.Debug|Any CPU.Build.0 = Debug|Any CPU
		{F4094887-BA2C-469A-B654-FC093C22EB51}.Release|Any CPU.ActiveCfg = Release|Any CPU
		{F4094887-BA2C-469A-B654-FC093C22EB51}.Release|Any CPU.Build.0 = Release|Any CPU
		{C75C7FE3-A290-4635-B732-CF0A950FE8F4}.Debug|Any CPU.ActiveCfg = Debug|Any CPU
		{C75C7FE3-A290-4635-B732-CF0A950FE8F4}.Debug|Any CPU.Build.0 = Debug|Any CPU
		{C75C7FE3-A290-4635-B732-CF0A950FE8F4}.Release|Any CPU.ActiveCfg = Release|Any CPU
		{C75C7FE3-A290-4635-B732-CF0A950FE8F4}.Release|Any CPU.Build.0 = Release|Any CPU
		{C0731CB7-6529-40E1-83E4-18978F7C3D03}.Debug|Any CPU.ActiveCfg = Debug|Any CPU
		{C0731CB7-6529-40E1-83E4-18978F7C3D03}.Debug|Any CPU.Build.0 = Debug|Any CPU
		{C0731CB7-6529-40E1-83E4-18978F7C3D03}.Release|Any CPU.ActiveCfg = Release|Any CPU
		{C0731CB7-6529-40E1-83E4-18978F7C3D03}.Release|Any CPU.Build.0 = Release|Any CPU
	EndGlobalSection
	GlobalSection(SolutionProperties) = preSolution
		HideSolutionNode = FALSE
	EndGlobalSection
	GlobalSection(ExtensibilityGlobals) = postSolution
		SolutionGuid = {26D735CF-EFDC-4C76-BC2B-6007DB38DCD8}
	EndGlobalSection
EndGlobal
