
Microsoft Visual Studio Solution File, Format Version 12.00
# Visual Studio Version 17
VisualStudioVersion = 17.9.34616.47
MinimumVisualStudioVersion = 10.0.40219.1
Project("{9A19103F-16F7-4668-BE54-9A1E7A4F7556}") = "23TheLawsOfFreach", "TheLawsOfFreach\23TheLawsOfFreach.csproj", "{5D0C23E1-1104-4118-B899-5CFA837FF7A0}"
EndProject
Project("{9A19103F-16F7-4668-BE54-9A1E7A4F7556}") = "24TakingANumber", "25TakingANumber\24TakingANumber.csproj", "{3BC47449-82EF-40F0-9D27-25E28E10E8DF}"
EndProject
Project("{FAE04EC0-301F-11D3-BF4B-00C04F79EFBC}") = "25Countdown", "25Countdown\25Countdown.csproj", "{B8FEE173-C5A9-4CAE-A55D-B6563C1527B2}"
EndProject
Global
	GlobalSection(SolutionConfigurationPlatforms) = preSolution
		Debug|Any CPU = Debug|Any CPU
		Release|Any CPU = Release|Any CPU
	EndGlobalSection
	GlobalSection(ProjectConfigurationPlatforms) = postSolution
		{5D0C23E1-1104-4118-B899-5CFA837FF7A0}.Debug|Any CPU.ActiveCfg = Debug|Any CPU
		{5D0C23E1-1104-4118-B899-5CFA837FF7A0}.Debug|Any CPU.Build.0 = Debug|Any CPU
		{5D0C23E1-1104-4118-B899-5CFA837FF7A0}.Release|Any CPU.ActiveCfg = Release|Any CPU
		{5D0C23E1-1104-4118-B899-5CFA837FF7A0}.Release|Any CPU.Build.0 = Release|Any CPU
		{3BC47449-82EF-40F0-9D27-25E28E10E8DF}.Debug|Any CPU.ActiveCfg = Debug|Any CPU
		{3BC47449-82EF-40F0-9D27-25E28E10E8DF}.Debug|Any CPU.Build.0 = Debug|Any CPU
		{3BC47449-82EF-40F0-9D27-25E28E10E8DF}.Release|Any CPU.ActiveCfg = Release|Any CPU
		{3BC47449-82EF-40F0-9D27-25E28E10E8DF}.Release|Any CPU.Build.0 = Release|Any CPU
		{B8FEE173-C5A9-4CAE-A55D-B6563C1527B2}.Debug|Any CPU.ActiveCfg = Debug|Any CPU
		{B8FEE173-C5A9-4CAE-A55D-B6563C1527B2}.Debug|Any CPU.Build.0 = Debug|Any CPU
		{B8FEE173-C5A9-4CAE-A55D-B6563C1527B2}.Release|Any CPU.ActiveCfg = Release|Any CPU
		{B8FEE173-C5A9-4CAE-A55D-B6563C1527B2}.Release|Any CPU.Build.0 = Release|Any CPU
	EndGlobalSection
	GlobalSection(SolutionProperties) = preSolution
		HideSolutionNode = FALSE
	EndGlobalSection
	GlobalSection(ExtensibilityGlobals) = postSolution
		SolutionGuid = {26D735CF-EFDC-4C76-BC2B-6007DB38DCD8}
	EndGlobalSection
EndGlobal
