
Microsoft Visual Studio Solution File, Format Version 12.00
# Visual Studio Version 17
VisualStudioVersion = 17.9.34728.123
MinimumVisualStudioVersion = 10.0.40219.1
Project("{FAE04EC0-301F-11D3-BF4B-00C04F79EFBC}") = "Deliverable1", "Deliverable1\Deliverable1.csproj", "{1DBED158-970B-4198-935E-4E1B02253000}"
EndProject
Global
	GlobalSection(SolutionConfigurationPlatforms) = preSolution
		Debug|Any CPU = Debug|Any CPU
		Release|Any CPU = Release|Any CPU
	EndGlobalSection
	GlobalSection(ProjectConfigurationPlatforms) = postSolution
		{1DBED158-970B-4198-935E-4E1B02253000}.Debug|Any CPU.ActiveCfg = Debug|Any CPU
		{1DBED158-970B-4198-935E-4E1B02253000}.Debug|Any CPU.Build.0 = Debug|Any CPU
		{1DBED158-970B-4198-935E-4E1B02253000}.Release|Any CPU.ActiveCfg = Release|Any CPU
		{1DBED158-970B-4198-935E-4E1B02253000}.Release|Any CPU.Build.0 = Release|Any CPU
	EndGlobalSection
	GlobalSection(SolutionProperties) = preSolution
		HideSolutionNode = FALSE
	EndGlobalSection
	GlobalSection(ExtensibilityGlobals) = postSolution
		SolutionGuid = {4A326793-3A28-4E03-86C5-83E024BBF742}
	EndGlobalSection
EndGlobal
